
Microsoft Visual Studio Solution File, Format Version 12.00
# Visual Studio Version 17
VisualStudioVersion = 17.1.32421.90
MinimumVisualStudioVersion = 10.0.40219.1
Project("{FAE04EC0-301F-11D3-BF4B-00C04F79EFBC}") = "MatingApp", "MatingApp\MatingApp.csproj", "{C9E64F7E-2588-4ADE-B134-7257416CDB0B}"
EndProject
Global
	GlobalSection(SolutionConfigurationPlatforms) = preSolution
		Debug|Any CPU = Debug|Any CPU
		Release|Any CPU = Release|Any CPU
	EndGlobalSection
	GlobalSection(ProjectConfigurationPlatforms) = postSolution
		{C9E64F7E-2588-4ADE-B134-7257416CDB0B}.Debug|Any CPU.ActiveCfg = Debug|Any CPU
		{C9E64F7E-2588-4ADE-B134-7257416CDB0B}.Debug|Any CPU.Build.0 = Debug|Any CPU
		{C9E64F7E-2588-4ADE-B134-7257416CDB0B}.Release|Any CPU.ActiveCfg = Release|Any CPU
		{C9E64F7E-2588-4ADE-B134-7257416CDB0B}.Release|Any CPU.Build.0 = Release|Any CPU
	EndGlobalSection
	GlobalSection(SolutionProperties) = preSolution
		HideSolutionNode = FALSE
	EndGlobalSection
	GlobalSection(ExtensibilityGlobals) = postSolution
		SolutionGuid = {309B9CD5-2881-40BD-B303-F061A6518312}
	EndGlobalSection
EndGlobal
